
Microsoft Visual Studio Solution File, Format Version 12.00
# Visual Studio Version 17
VisualStudioVersion = 17.5.33530.505
MinimumVisualStudioVersion = 10.0.40219.1
Project("{FAE04EC0-301F-11D3-BF4B-00C04F79EFBC}") = "PrintToCash", "PrintToCash.csproj", "{E84048E0-451A-4849-9AAE-DA49DC61E550}"
EndProject
Global
	GlobalSection(SolutionConfigurationPlatforms) = preSolution
		Debug|Any CPU = Debug|Any CPU
		Release|Any CPU = Release|Any CPU
	EndGlobalSection
	GlobalSection(ProjectConfigurationPlatforms) = postSolution
		{E84048E0-451A-4849-9AAE-DA49DC61E550}.Debug|Any CPU.ActiveCfg = Debug|Any CPU
		{E84048E0-451A-4849-9AAE-DA49DC61E550}.Debug|Any CPU.Build.0 = Debug|Any CPU
		{E84048E0-451A-4849-9AAE-DA49DC61E550}.Release|Any CPU.ActiveCfg = Release|Any CPU
		{E84048E0-451A-4849-9AAE-DA49DC61E550}.Release|Any CPU.Build.0 = Release|Any CPU
	EndGlobalSection
	GlobalSection(SolutionProperties) = preSolution
		HideSolutionNode = FALSE
	EndGlobalSection
	GlobalSection(ExtensibilityGlobals) = postSolution
		SolutionGuid = {E39F3E05-D738-45D7-9802-44416D9AD604}
	EndGlobalSection
EndGlobal
